
Microsoft Visual Studio Solution File, Format Version 12.00
# Visual Studio Version 16
VisualStudioVersion = 16.0.31624.102
MinimumVisualStudioVersion = 10.0.40219.1
Project("{FAE04EC0-301F-11D3-BF4B-00C04F79EFBC}") = "LoopsAndRandomNumbers", "LoopsAndRandomNumbers\LoopsAndRandomNumbers.csproj", "{0D2BE274-8B99-45F0-9ACC-6AF3B5BC49E6}"
EndProject
Project("{FAE04EC0-301F-11D3-BF4B-00C04F79EFBC}") = "PINInfiniteLoop", "PINInfiniteLoop\PINInfiniteLoop.csproj", "{9804B84F-88B9-4DD8-B394-76B29C4F6433}"
EndProject
Project("{FAE04EC0-301F-11D3-BF4B-00C04F79EFBC}") = "RandomNumber", "RandomNumber\RandomNumber.csproj", "{FD6B2A6A-2494-4D6F-A712-8BB8BEA9A556}"
EndProject
Project("{FAE04EC0-301F-11D3-BF4B-00C04F79EFBC}") = "GuessingGameInfinite", "GuessingGameInfinite\GuessingGameInfinite.csproj", "{0C795CD8-888B-4848-8F59-A5DEB60058F9}"
EndProject
Project("{FAE04EC0-301F-11D3-BF4B-00C04F79EFBC}") = "GuessingGameThreeTries", "GuessingGameThreeTries\GuessingGameThreeTries.csproj", "{20E049F4-4AE6-41EB-8871-76BFCA9664FB}"
EndProject
Global
	GlobalSection(SolutionConfigurationPlatforms) = preSolution
		Debug|Any CPU = Debug|Any CPU
		Release|Any CPU = Release|Any CPU
	EndGlobalSection
	GlobalSection(ProjectConfigurationPlatforms) = postSolution
		{0D2BE274-8B99-45F0-9ACC-6AF3B5BC49E6}.Debug|Any CPU.ActiveCfg = Debug|Any CPU
		{0D2BE274-8B99-45F0-9ACC-6AF3B5BC49E6}.Debug|Any CPU.Build.0 = Debug|Any CPU
		{0D2BE274-8B99-45F0-9ACC-6AF3B5BC49E6}.Release|Any CPU.ActiveCfg = Release|Any CPU
		{0D2BE274-8B99-45F0-9ACC-6AF3B5BC49E6}.Release|Any CPU.Build.0 = Release|Any CPU
		{9804B84F-88B9-4DD8-B394-76B29C4F6433}.Debug|Any CPU.ActiveCfg = Debug|Any CPU
		{9804B84F-88B9-4DD8-B394-76B29C4F6433}.Debug|Any CPU.Build.0 = Debug|Any CPU
		{9804B84F-88B9-4DD8-B394-76B29C4F6433}.Release|Any CPU.ActiveCfg = Release|Any CPU
		{9804B84F-88B9-4DD8-B394-76B29C4F6433}.Release|Any CPU.Build.0 = Release|Any CPU
		{FD6B2A6A-2494-4D6F-A712-8BB8BEA9A556}.Debug|Any CPU.ActiveCfg = Debug|Any CPU
		{FD6B2A6A-2494-4D6F-A712-8BB8BEA9A556}.Debug|Any CPU.Build.0 = Debug|Any CPU
		{FD6B2A6A-2494-4D6F-A712-8BB8BEA9A556}.Release|Any CPU.ActiveCfg = Release|Any CPU
		{FD6B2A6A-2494-4D6F-A712-8BB8BEA9A556}.Release|Any CPU.Build.0 = Release|Any CPU
		{0C795CD8-888B-4848-8F59-A5DEB60058F9}.Debug|Any CPU.ActiveCfg = Debug|Any CPU
		{0C795CD8-888B-4848-8F59-A5DEB60058F9}.Debug|Any CPU.Build.0 = Debug|Any CPU
		{0C795CD8-888B-4848-8F59-A5DEB60058F9}.Release|Any CPU.ActiveCfg = Release|Any CPU
		{0C795CD8-888B-4848-8F59-A5DEB60058F9}.Release|Any CPU.Build.0 = Release|Any CPU
		{20E049F4-4AE6-41EB-8871-76BFCA9664FB}.Debug|Any CPU.ActiveCfg = Debug|Any CPU
		{20E049F4-4AE6-41EB-8871-76BFCA9664FB}.Debug|Any CPU.Build.0 = Debug|Any CPU
		{20E049F4-4AE6-41EB-8871-76BFCA9664FB}.Release|Any CPU.ActiveCfg = Release|Any CPU
		{20E049F4-4AE6-41EB-8871-76BFCA9664FB}.Release|Any CPU.Build.0 = Release|Any CPU
	EndGlobalSection
	GlobalSection(SolutionProperties) = preSolution
		HideSolutionNode = FALSE
	EndGlobalSection
	GlobalSection(ExtensibilityGlobals) = postSolution
		SolutionGuid = {AB9712C5-4FE8-4953-A642-119ED01BB83B}
	EndGlobalSection
EndGlobal
